
Microsoft Visual Studio Solution File, Format Version 12.00
# Visual Studio Version 16
VisualStudioVersion = 16.0.30225.117
MinimumVisualStudioVersion = 10.0.40219.1
Project("{FAE04EC0-301F-11D3-BF4B-00C04F79EFBC}") = "CaesarCipher", "CaesarCipher\CaesarCipher.csproj", "{D2C0F050-CE0F-435C-B18F-4148748F3557}"
EndProject
Global
	GlobalSection(SolutionConfigurationPlatforms) = preSolution
		Debug|Any CPU = Debug|Any CPU
		Release|Any CPU = Release|Any CPU
	EndGlobalSection
	GlobalSection(ProjectConfigurationPlatforms) = postSolution
		{D2C0F050-CE0F-435C-B18F-4148748F3557}.Debug|Any CPU.ActiveCfg = Debug|Any CPU
		{D2C0F050-CE0F-435C-B18F-4148748F3557}.Debug|Any CPU.Build.0 = Debug|Any CPU
		{D2C0F050-CE0F-435C-B18F-4148748F3557}.Release|Any CPU.ActiveCfg = Release|Any CPU
		{D2C0F050-CE0F-435C-B18F-4148748F3557}.Release|Any CPU.Build.0 = Release|Any CPU
	EndGlobalSection
	GlobalSection(SolutionProperties) = preSolution
		HideSolutionNode = FALSE
	EndGlobalSection
	GlobalSection(ExtensibilityGlobals) = postSolution
		SolutionGuid = {BD0B2407-1BA1-48E8-865B-AB758BFFD83D}
	EndGlobalSection
EndGlobal
